
Microsoft Visual Studio Solution File, Format Version 12.00
# Visual Studio 15
VisualStudioVersion = 15.0.27703.2035
MinimumVisualStudioVersion = 10.0.40219.1
Project("{FAE04EC0-301F-11D3-BF4B-00C04F79EFBC}") = "Calisma.Mvc", "Calisma.Mvc\Calisma.Mvc.csproj", "{9C90DAE8-D412-4A32-9C68-19B593336DC0}"
EndProject
Project("{FAE04EC0-301F-11D3-BF4B-00C04F79EFBC}") = "Calisma.Model", "Calisma.Model\Calisma.Model.csproj", "{2B5AF61B-A16E-4DB9-BAA9-D31461604768}"
EndProject
Global
	GlobalSection(SolutionConfigurationPlatforms) = preSolution
		Debug|Any CPU = Debug|Any CPU
		Release|Any CPU = Release|Any CPU
	EndGlobalSection
	GlobalSection(ProjectConfigurationPlatforms) = postSolution
		{9C90DAE8-D412-4A32-9C68-19B593336DC0}.Debug|Any CPU.ActiveCfg = Debug|Any CPU
		{9C90DAE8-D412-4A32-9C68-19B593336DC0}.Debug|Any CPU.Build.0 = Debug|Any CPU
		{9C90DAE8-D412-4A32-9C68-19B593336DC0}.Release|Any CPU.ActiveCfg = Release|Any CPU
		{9C90DAE8-D412-4A32-9C68-19B593336DC0}.Release|Any CPU.Build.0 = Release|Any CPU
		{2B5AF61B-A16E-4DB9-BAA9-D31461604768}.Debug|Any CPU.ActiveCfg = Debug|Any CPU
		{2B5AF61B-A16E-4DB9-BAA9-D31461604768}.Debug|Any CPU.Build.0 = Debug|Any CPU
		{2B5AF61B-A16E-4DB9-BAA9-D31461604768}.Release|Any CPU.ActiveCfg = Release|Any CPU
		{2B5AF61B-A16E-4DB9-BAA9-D31461604768}.Release|Any CPU.Build.0 = Release|Any CPU
	EndGlobalSection
	GlobalSection(SolutionProperties) = preSolution
		HideSolutionNode = FALSE
	EndGlobalSection
	GlobalSection(ExtensibilityGlobals) = postSolution
		SolutionGuid = {CBB26934-9A45-41B8-8958-87C98020B3AF}
	EndGlobalSection
EndGlobal
